// !$*UTF8*$!
{
	archiveVersion = 1;
	classes = {
	};
	objectVersion = 56;
	objects = {

/* Begin PBXBuildFile section */
		D43D13C029CF426100416F05 /* hanafiri_mobileApp.swift in Sources */ = {isa = PBXBuildFile; fileRef = D43D13BF29CF426100416F05 /* hanafiri_mobileApp.swift */; };
		D43D13C229CF426100416F05 /* ContentView.swift in Sources */ = {isa = PBXBuildFile; fileRef = D43D13C129CF426100416F05 /* ContentView.swift */; };
		D43D13C429CF426200416F05 /* Assets.xcassets in Resources */ = {isa = PBXBuildFile; fileRef = D43D13C329CF426200416F05 /* Assets.xcassets */; };
		D43D13C729CF426200416F05 /* Preview Assets.xcassets in Resources */ = {isa = PBXBuildFile; fileRef = D43D13C629CF426200416F05 /* Preview Assets.xcassets */; };
		D43D13D129CF426200416F05 /* hanafiri_mobileTests.swift in Sources */ = {isa = PBXBuildFile; fileRef = D43D13D029CF426200416F05 /* hanafiri_mobileTests.swift */; };
		D43D13DB29CF426200416F05 /* hanafiri_mobileUITests.swift in Sources */ = {isa = PBXBuildFile; fileRef = D43D13DA29CF426200416F05 /* hanafiri_mobileUITests.swift */; };
		D43D13DD29CF426200416F05 /* hanafiri_mobileUITestsLaunchTests.swift in Sources */ = {isa = PBXBuildFile; fileRef = D43D13DC29CF426200416F05 /* hanafiri_mobileUITestsLaunchTests.swift */; };
/* End PBXBuildFile section */

/* Begin PBXContainerItemProxy section */
		D43D13CD29CF426200416F05 /* PBXContainerItemProxy */ = {
			isa = PBXContainerItemProxy;
			containerPortal = D43D13B429CF426100416F05 /* Project object */;
			proxyType = 1;
			remoteGlobalIDString = D43D13BB29CF426100416F05;
			remoteInfo = "hanafiri-mobile";
		};
		D43D13D729CF426200416F05 /* PBXContainerItemProxy */ = {
			isa = PBXContainerItemProxy;
			containerPortal = D43D13B429CF426100416F05 /* Project object */;
			proxyType = 1;
			remoteGlobalIDString = D43D13BB29CF426100416F05;
			remoteInfo = "hanafiri-mobile";
		};
/* End PBXContainerItemProxy section */

/* Begin PBXFileReference section */
		D43D13BC29CF426100416F05 /* hanafiri-mobile.app */ = {isa = PBXFileReference; explicitFileType = wrapper.application; includeInIndex = 0; path = "hanafiri-mobile.app"; sourceTree = BUILT_PRODUCTS_DIR; };
		D43D13BF29CF426100416F05 /* hanafiri_mobileApp.swift */ = {isa = PBXFileReference; lastKnownFileType = sourcecode.swift; path = hanafiri_mobileApp.swift; sourceTree = "<group>"; };
		D43D13C129CF426100416F05 /* ContentView.swift */ = {isa = PBXFileReference; lastKnownFileType = sourcecode.swift; path = ContentView.swift; sourceTree = "<group>"; };
		D43D13C329CF426200416F05 /* Assets.xcassets */ = {isa = PBXFileReference; lastKnownFileType = folder.assetcatalog; path = Assets.xcassets; sourceTree = "<group>"; };
		D43D13C629CF426200416F05 /* Preview Assets.xcassets */ = {isa = PBXFileReference; lastKnownFileType = folder.assetcatalog; path = "Preview Assets.xcassets"; sourceTree = "<group>"; };
		D43D13CC29CF426200416F05 /* hanafiri-mobileTests.xctest */ = {isa = PBXFileReference; explicitFileType = wrapper.cfbundle; includeInIndex = 0; path = "hanafiri-mobileTests.xctest"; sourceTree = BUILT_PRODUCTS_DIR; };
		D43D13D029CF426200416F05 /* hanafiri_mobileTests.swift */ = {isa = PBXFileReference; lastKnownFileType = sourcecode.swift; path = hanafiri_mobileTests.swift; sourceTree = "<group>"; };
		D43D13D629CF426200416F05 /* hanafiri-mobileUITests.xctest */ = {isa = PBXFileReference; explicitFileType = wrapper.cfbundle; includeInIndex = 0; path = "hanafiri-mobileUITests.xctest"; sourceTree = BUILT_PRODUCTS_DIR; };
		D43D13DA29CF426200416F05 /* hanafiri_mobileUITests.swift */ = {isa = PBXFileReference; lastKnownFileType = sourcecode.swift; path = hanafiri_mobileUITests.swift; sourceTree = "<group>"; };
		D43D13DC29CF426200416F05 /* hanafiri_mobileUITestsLaunchTests.swift */ = {isa = PBXFileReference; lastKnownFileType = sourcecode.swift; path = hanafiri_mobileUITestsLaunchTests.swift; sourceTree = "<group>"; };
/* End PBXFileReference section */

/* Begin PBXFrameworksBuildPhase section */
		D43D13B929CF426100416F05 /* Frameworks */ = {
			isa = PBXFrameworksBuildPhase;
			buildActionMask = 2147483647;
			files = (
			);
			runOnlyForDeploymentPostprocessing = 0;
		};
		D43D13C929CF426200416F05 /* Frameworks */ = {
			isa = PBXFrameworksBuildPhase;
			buildActionMask = 2147483647;
			files = (
			);
			runOnlyForDeploymentPostprocessing = 0;
		};
		D43D13D329CF426200416F05 /* Frameworks */ = {
			isa = PBXFrameworksBuildPhase;
			buildActionMask = 2147483647;
			files = (
			);
			runOnlyForDeploymentPostprocessing = 0;
		};
/* End PBXFrameworksBuildPhase section */

/* Begin PBXGroup section */
		D43D13B329CF426100416F05 = {
			isa = PBXGroup;
			children = (
				D43D13BE29CF426100416F05 /* hanafiri-mobile */,
				D43D13CF29CF426200416F05 /* hanafiri-mobileTests */,
				D43D13D929CF426200416F05 /* hanafiri-mobileUITests */,
				D43D13BD29CF426100416F05 /* Products */,
			);
			sourceTree = "<group>";
		};
		D43D13BD29CF426100416F05 /* Products */ = {
			isa = PBXGroup;
			children = (
				D43D13BC29CF426100416F05 /* hanafiri-mobile.app */,
				D43D13CC29CF426200416F05 /* hanafiri-mobileTests.xctest */,
				D43D13D629CF426200416F05 /* hanafiri-mobileUITests.xctest */,
			);
			name = Products;
			sourceTree = "<group>";
		};
		D43D13BE29CF426100416F05 /* hanafiri-mobile */ = {
			isa = PBXGroup;
			children = (
				D43D13BF29CF426100416F05 /* hanafiri_mobileApp.swift */,
				D43D13C129CF426100416F05 /* ContentView.swift */,
				D43D13C329CF426200416F05 /* Assets.xcassets */,
				D43D13C529CF426200416F05 /* Preview Content */,
			);
			path = "hanafiri-mobile";
			sourceTree = "<group>";
		};
		D43D13C529CF426200416F05 /* Preview Content */ = {
			isa = PBXGroup;
			children = (
				D43D13C629CF426200416F05 /* Preview Assets.xcassets */,
			);
			path = "Preview Content";
			sourceTree = "<group>";
		};
		D43D13CF29CF426200416F05 /* hanafiri-mobileTests */ = {
			isa = PBXGroup;
			children = (
				D43D13D029CF426200416F05 /* hanafiri_mobileTests.swift */,
			);
			path = "hanafiri-mobileTests";
			sourceTree = "<group>";
		};
		D43D13D929CF426200416F05 /* hanafiri-mobileUITests */ = {
			isa = PBXGroup;
			children = (
				D43D13DA29CF426200416F05 /* hanafiri_mobileUITests.swift */,
				D43D13DC29CF426200416F05 /* hanafiri_mobileUITestsLaunchTests.swift */,
			);
			path = "hanafiri-mobileUITests";
			sourceTree = "<group>";
		};
/* End PBXGroup section */

/* Begin PBXNativeTarget section */
		D43D13BB29CF426100416F05 /* hanafiri-mobile */ = {
			isa = PBXNativeTarget;
			buildConfigurationList = D43D13E029CF426200416F05 /* Build configuration list for PBXNativeTarget "hanafiri-mobile" */;
			buildPhases = (
				D43D13B829CF426100416F05 /* Sources */,
				D43D13B929CF426100416F05 /* Frameworks */,
				D43D13BA29CF426100416F05 /* Resources */,
			);
			buildRules = (
			);
			dependencies = (
			);
			name = "hanafiri-mobile";
			productName = "hanafiri-mobile";
			productReference = D43D13BC29CF426100416F05 /* hanafiri-mobile.app */;
			productType = "com.apple.product-type.application";
		};
		D43D13CB29CF426200416F05 /* hanafiri-mobileTests */ = {
			isa = PBXNativeTarget;
			buildConfigurationList = D43D13E329CF426200416F05 /* Build configuration list for PBXNativeTarget "hanafiri-mobileTests" */;
			buildPhases = (
				D43D13C829CF426200416F05 /* Sources */,
				D43D13C929CF426200416F05 /* Frameworks */,
				D43D13CA29CF426200416F05 /* Resources */,
			);
			buildRules = (
			);
			dependencies = (
				D43D13CE29CF426200416F05 /* PBXTargetDependency */,
			);
			name = "hanafiri-mobileTests";
			productName = "hanafiri-mobileTests";
			productReference = D43D13CC29CF426200416F05 /* hanafiri-mobileTests.xctest */;
			productType = "com.apple.product-type.bundle.unit-test";
		};
		D43D13D529CF426200416F05 /* hanafiri-mobileUITests */ = {
			isa = PBXNativeTarget;
			buildConfigurationList = D43D13E629CF426200416F05 /* Build configuration list for PBXNativeTarget "hanafiri-mobileUITests" */;
			buildPhases = (
				D43D13D229CF426200416F05 /* Sources */,
				D43D13D329CF426200416F05 /* Frameworks */,
				D43D13D429CF426200416F05 /* Resources */,
			);
			buildRules = (
			);
			dependencies = (
				D43D13D829CF426200416F05 /* PBXTargetDependency */,
			);
			name = "hanafiri-mobileUITests";
			productName = "hanafiri-mobileUITests";
			productReference = D43D13D629CF426200416F05 /* hanafiri-mobileUITests.xctest */;
			productType = "com.apple.product-type.bundle.ui-testing";
		};
/* End PBXNativeTarget section */

/* Begin PBXProject section */
		D43D13B429CF426100416F05 /* Project object */ = {
			isa = PBXProject;
			attributes = {
				BuildIndependentTargetsInParallel = 1;
				LastSwiftUpdateCheck = 1410;
				LastUpgradeCheck = 1410;
				TargetAttributes = {
					D43D13BB29CF426100416F05 = {
						CreatedOnToolsVersion = 14.1;
					};
					D43D13CB29CF426200416F05 = {
						CreatedOnToolsVersion = 14.1;
						TestTargetID = D43D13BB29CF426100416F05;
					};
					D43D13D529CF426200416F05 = {
						CreatedOnToolsVersion = 14.1;
						TestTargetID = D43D13BB29CF426100416F05;
					};
				};
			};
			buildConfigurationList = D43D13B729CF426100416F05 /* Build configuration list for PBXProject "hanafiri-mobile" */;
			compatibilityVersion = "Xcode 14.0";
			developmentRegion = en;
			hasScannedForEncodings = 0;
			knownRegions = (
				en,
				Base,
			);
			mainGroup = D43D13B329CF426100416F05;
			productRefGroup = D43D13BD29CF426100416F05 /* Products */;
			projectDirPath = "";
			projectRoot = "";
			targets = (
				D43D13BB29CF426100416F05 /* hanafiri-mobile */,
				D43D13CB29CF426200416F05 /* hanafiri-mobileTests */,
				D43D13D529CF426200416F05 /* hanafiri-mobileUITests */,
			);
		};
/* End PBXProject section */

/* Begin PBXResourcesBuildPhase section */
		D43D13BA29CF426100416F05 /* Resources */ = {
			isa = PBXResourcesBuildPhase;
			buildActionMask = 2147483647;
			files = (
				D43D13C729CF426200416F05 /* Preview Assets.xcassets in Resources */,
				D43D13C429CF426200416F05 /* Assets.xcassets in Resources */,
			);
			runOnlyForDeploymentPostprocessing = 0;
		};
		D43D13CA29CF426200416F05 /* Resources */ = {
			isa = PBXResourcesBuildPhase;
			buildActionMask = 2147483647;
			files = (
			);
			runOnlyForDeploymentPostprocessing = 0;
		};
		D43D13D429CF426200416F05 /* Resources */ = {
			isa = PBXResourcesBuildPhase;
			buildActionMask = 2147483647;
			files = (
			);
			runOnlyForDeploymentPostprocessing = 0;
		};
/* End PBXResourcesBuildPhase section */

/* Begin PBXSourcesBuildPhase section */
		D43D13B829CF426100416F05 /* Sources */ = {
			isa = PBXSourcesBuildPhase;
			buildActionMask = 2147483647;
			files = (
				D43D13C229CF426100416F05 /* ContentView.swift in Sources */,
				D43D13C029CF426100416F05 /* hanafiri_mobileApp.swift in Sources */,
			);
			runOnlyForDeploymentPostprocessing = 0;
		};
		D43D13C829CF426200416F05 /* Sources */ = {
			isa = PBXSourcesBuildPhase;
			buildActionMask = 2147483647;
			files = (
				D43D13D129CF426200416F05 /* hanafiri_mobileTests.swift in Sources */,
			);
			runOnlyForDeploymentPostprocessing = 0;
		};
		D43D13D229CF426200416F05 /* Sources */ = {
			isa = PBXSourcesBuildPhase;
			buildActionMask = 2147483647;
			files = (
				D43D13DD29CF426200416F05 /* hanafiri_mobileUITestsLaunchTests.swift in Sources */,
				D43D13DB29CF426200416F05 /* hanafiri_mobileUITests.swift in Sources */,
			);
			runOnlyForDeploymentPostprocessing = 0;
		};
/* End PBXSourcesBuildPhase section */

/* Begin PBXTargetDependency section */
		D43D13CE29CF426200416F05 /* PBXTargetDependency */ = {
			isa = PBXTargetDependency;
			target = D43D13BB29CF426100416F05 /* hanafiri-mobile */;
			targetProxy = D43D13CD29CF426200416F05 /* PBXContainerItemProxy */;
		};
		D43D13D829CF426200416F05 /* PBXTargetDependency */ = {
			isa = PBXTargetDependency;
			target = D43D13BB29CF426100416F05 /* hanafiri-mobile */;
			targetProxy = D43D13D729CF426200416F05 /* PBXContainerItemProxy */;
		};
/* End PBXTargetDependency section */

/* Begin XCBuildConfiguration section */
		D43D13DE29CF426200416F05 /* Debug */ = {
			isa = XCBuildConfiguration;
			buildSettings = {
				ALWAYS_SEARCH_USER_PATHS = NO;
				CLANG_ANALYZER_NONNULL = YES;
				CLANG_ANALYZER_NUMBER_OBJECT_CONVERSION = YES_AGGRESSIVE;
				CLANG_CXX_LANGUAGE_STANDARD = "gnu++20";
				CLANG_ENABLE_MODULES = YES;
				CLANG_ENABLE_OBJC_ARC = YES;
				CLANG_ENABLE_OBJC_WEAK = YES;
				CLANG_WARN_BLOCK_CAPTURE_AUTORELEASING = YES;
				CLANG_WARN_BOOL_CONVERSION = YES;
				CLANG_WARN_COMMA = YES;
				CLANG_WARN_CONSTANT_CONVERSION = YES;
				CLANG_WARN_DEPRECATED_OBJC_IMPLEMENTATIONS = YES;
				CLANG_WARN_DIRECT_OBJC_ISA_USAGE = YES_ERROR;
				CLANG_WARN_DOCUMENTATION_COMMENTS = YES;
				CLANG_WARN_EMPTY_BODY = YES;
				CLANG_WARN_ENUM_CONVERSION = YES;
				CLANG_WARN_INFINITE_RECURSION = YES;
				CLANG_WARN_INT_CONVERSION = YES;
				CLANG_WARN_NON_LITERAL_NULL_CONVERSION = YES;
				CLANG_WARN_OBJC_IMPLICIT_RETAIN_SELF = YES;
				CLANG_WARN_OBJC_LITERAL_CONVERSION = YES;
				CLANG_WARN_OBJC_ROOT_CLASS = YES_ERROR;
				CLANG_WARN_QUOTED_INCLUDE_IN_FRAMEWORK_HEADER = YES;
				CLANG_WARN_RANGE_LOOP_ANALYSIS = YES;
				CLANG_WARN_STRICT_PROTOTYPES = YES;
				CLANG_WARN_SUSPICIOUS_MOVE = YES;
				CLANG_WARN_UNGUARDED_AVAILABILITY = YES_AGGRESSIVE;
				CLANG_WARN_UNREACHABLE_CODE = YES;
				CLANG_WARN__DUPLICATE_METHOD_MATCH = YES;
				COPY_PHASE_STRIP = NO;
				DEBUG_INFORMATION_FORMAT = dwarf;
				ENABLE_STRICT_OBJC_MSGSEND = YES;
				ENABLE_TESTABILITY = YES;
				GCC_C_LANGUAGE_STANDARD = gnu11;
				GCC_DYNAMIC_NO_PIC = NO;
				GCC_NO_COMMON_BLOCKS = YES;
				GCC_OPTIMIZATION_LEVEL = 0;
				GCC_PREPROCESSOR_DEFINITIONS = (
					"DEBUG=1",
					"$(inherited)",
				);
				GCC_WARN_64_TO_32_BIT_CONVERSION = YES;
				GCC_WARN_ABOUT_RETURN_TYPE = YES_ERROR;
				GCC_WARN_UNDECLARED_SELECTOR = YES;
				GCC_WARN_UNINITIALIZED_AUTOS = YES_AGGRESSIVE;
				GCC_WARN_UNUSED_FUNCTION = YES;
				GCC_WARN_UNUSED_VARIABLE = YES;
				IPHONEOS_DEPLOYMENT_TARGET = 16.1;
				MTL_ENABLE_DEBUG_INFO = INCLUDE_SOURCE;
				MTL_FAST_MATH = YES;
				ONLY_ACTIVE_ARCH = YES;
				SDKROOT = iphoneos;
				SWIFT_ACTIVE_COMPILATION_CONDITIONS = DEBUG;
				SWIFT_OPTIMIZATION_LEVEL = "-Onone";
			};
			name = Debug;
		};
		D43D13DF29CF426200416F05 /* Release */ = {
			isa = XCBuildConfiguration;
			buildSettings = {
				ALWAYS_SEARCH_USER_PATHS = NO;
				CLANG_ANALYZER_NONNULL = YES;
				CLANG_ANALYZER_NUMBER_OBJECT_CONVERSION = YES_AGGRESSIVE;
				CLANG_CXX_LANGUAGE_STANDARD = "gnu++20";
				CLANG_ENABLE_MODULES = YES;
				CLANG_ENABLE_OBJC_ARC = YES;
				CLANG_ENABLE_OBJC_WEAK = YES;
				CLANG_WARN_BLOCK_CAPTURE_AUTORELEASING = YES;
				CLANG_WARN_BOOL_CONVERSION = YES;
				CLANG_WARN_COMMA = YES;
				CLANG_WARN_CONSTANT_CONVERSION = YES;
				CLANG_WARN_DEPRECATED_OBJC_IMPLEMENTATIONS = YES;
				CLANG_WARN_DIRECT_OBJC_ISA_USAGE = YES_ERROR;
				CLANG_WARN_DOCUMENTATION_COMMENTS = YES;
				CLANG_WARN_EMPTY_BODY = YES;
				CLANG_WARN_ENUM_CONVERSION = YES;
				CLANG_WARN_INFINITE_RECURSION = YES;
				CLANG_WARN_INT_CONVERSION = YES;
				CLANG_WARN_NON_LITERAL_NULL_CONVERSION = YES;
				CLANG_WARN_OBJC_IMPLICIT_RETAIN_SELF = YES;
				CLANG_WARN_OBJC_LITERAL_CONVERSION = YES;
				CLANG_WARN_OBJC_ROOT_CLASS = YES_ERROR;
				CLANG_WARN_QUOTED_INCLUDE_IN_FRAMEWORK_HEADER = YES;
				CLANG_WARN_RANGE_LOOP_ANALYSIS = YES;
				CLANG_WARN_STRICT_PROTOTYPES = YES;
				CLANG_WARN_SUSPICIOUS_MOVE = YES;
				CLANG_WARN_UNGUARDED_AVAILABILITY = YES_AGGRESSIVE;
				CLANG_WARN_UNREACHABLE_CODE = YES;
				CLANG_WARN__DUPLICATE_METHOD_MATCH = YES;
				COPY_PHASE_STRIP = NO;
				DEBUG_INFORMATION_FORMAT = "dwarf-with-dsym";
				ENABLE_NS_ASSERTIONS = NO;
				ENABLE_STRICT_OBJC_MSGSEND = YES;
				GCC_C_LANGUAGE_STANDARD = gnu11;
				GCC_NO_COMMON_BLOCKS = YES;
				GCC_WARN_64_TO_32_BIT_CONVERSION = YES;
				GCC_WARN_ABOUT_RETURN_TYPE = YES_ERROR;
				GCC_WARN_UNDECLARED_SELECTOR = YES;
				GCC_WARN_UNINITIALIZED_AUTOS = YES_AGGRESSIVE;
				GCC_WARN_UNUSED_FUNCTION = YES;
				GCC_WARN_UNUSED_VARIABLE = YES;
				IPHONEOS_DEPLOYMENT_TARGET = 16.1;
				MTL_ENABLE_DEBUG_INFO = NO;
				MTL_FAST_MATH = YES;
				SDKROOT = iphoneos;
				SWIFT_COMPILATION_MODE = wholemodule;
				SWIFT_OPTIMIZATION_LEVEL = "-O";
				VALIDATE_PRODUCT = YES;
			};
			name = Release;
		};
		D43D13E129CF426200416F05 /* Debug */ = {
			isa = XCBuildConfiguration;
			buildSettings = {
				ASSETCATALOG_COMPILER_APPICON_NAME = AppIcon;
				ASSETCATALOG_COMPILER_GLOBAL_ACCENT_COLOR_NAME = AccentColor;
				CODE_SIGN_STYLE = Automatic;
				CURRENT_PROJECT_VERSION = 1;
				DEVELOPMENT_ASSET_PATHS = "\"hanafiri-mobile/Preview Content\"";
				ENABLE_PREVIEWS = YES;
				GENERATE_INFOPLIST_FILE = YES;
				INFOPLIST_KEY_UIApplicationSceneManifest_Generation = YES;
				INFOPLIST_KEY_UIApplicationSupportsIndirectInputEvents = YES;
				INFOPLIST_KEY_UILaunchScreen_Generation = YES;
				INFOPLIST_KEY_UISupportedInterfaceOrientations_iPad = "UIInterfaceOrientationPortrait UIInterfaceOrientationPortraitUpsideDown UIInterfaceOrientationLandscapeLeft UIInterfaceOrientationLandscapeRight";
				INFOPLIST_KEY_UISupportedInterfaceOrientations_iPhone = "UIInterfaceOrientationPortrait UIInterfaceOrientationLandscapeLeft UIInterfaceOrientationLandscapeRight";
				LD_RUNPATH_SEARCH_PATHS = (
					"$(inherited)",
					"@executable_path/Frameworks",
				);
				MARKETING_VERSION = 1.0;
				PRODUCT_BUNDLE_IDENTIFIER = "shiorina.hanafiri-mobile";
				PRODUCT_NAME = "$(TARGET_NAME)";
				SWIFT_EMIT_LOC_STRINGS = YES;
				SWIFT_VERSION = 5.0;
				TARGETED_DEVICE_FAMILY = "1,2";
			};
			name = Debug;
		};
		D43D13E229CF426200416F05 /* Release */ = {
			isa = XCBuildConfiguration;
			buildSettings = {
				ASSETCATALOG_COMPILER_APPICON_NAME = AppIcon;
				ASSETCATALOG_COMPILER_GLOBAL_ACCENT_COLOR_NAME = AccentColor;
				CODE_SIGN_STYLE = Automatic;
				CURRENT_PROJECT_VERSION = 1;
				DEVELOPMENT_ASSET_PATHS = "\"hanafiri-mobile/Preview Content\"";
				ENABLE_PREVIEWS = YES;
				GENERATE_INFOPLIST_FILE = YES;
				INFOPLIST_KEY_UIApplicationSceneManifest_Generation = YES;
				INFOPLIST_KEY_UIApplicationSupportsIndirectInputEvents = YES;
				INFOPLIST_KEY_UILaunchScreen_Generation = YES;
				INFOPLIST_KEY_UISupportedInterfaceOrientations_iPad = "UIInterfaceOrientationPortrait UIInterfaceOrientationPortraitUpsideDown UIInterfaceOrientationLandscapeLeft UIInterfaceOrientationLandscapeRight";
				INFOPLIST_KEY_UISupportedInterfaceOrientations_iPhone = "UIInterfaceOrientationPortrait UIInterfaceOrientationLandscapeLeft UIInterfaceOrientationLandscapeRight";
				LD_RUNPATH_SEARCH_PATHS = (
					"$(inherited)",
					"@executable_path/Frameworks",
				);
				MARKETING_VERSION = 1.0;
				PRODUCT_BUNDLE_IDENTIFIER = "shiorina.hanafiri-mobile";
				PRODUCT_NAME = "$(TARGET_NAME)";
				SWIFT_EMIT_LOC_STRINGS = YES;
				SWIFT_VERSION = 5.0;
				TARGETED_DEVICE_FAMILY = "1,2";
			};
			name = Release;
		};
		D43D13E429CF426200416F05 /* Debug */ = {
			isa = XCBuildConfiguration;
			buildSettings = {
				ALWAYS_EMBED_SWIFT_STANDARD_LIBRARIES = YES;
				BUNDLE_LOADER = "$(TEST_HOST)";
				CODE_SIGN_STYLE = Automatic;
				CURRENT_PROJECT_VERSION = 1;
				GENERATE_INFOPLIST_FILE = YES;
				IPHONEOS_DEPLOYMENT_TARGET = 16.1;
				MARKETING_VERSION = 1.0;
				PRODUCT_BUNDLE_IDENTIFIER = "shiorina.hanafiri-mobileTests";
				PRODUCT_NAME = "$(TARGET_NAME)";
				SWIFT_EMIT_LOC_STRINGS = NO;
				SWIFT_VERSION = 5.0;
				TARGETED_DEVICE_FAMILY = "1,2";
				TEST_HOST = "$(BUILT_PRODUCTS_DIR)/hanafiri-mobile.app/$(BUNDLE_EXECUTABLE_FOLDER_PATH)/hanafiri-mobile";
			};
			name = Debug;
		};
		D43D13E529CF426200416F05 /* Release */ = {
			isa = XCBuildConfiguration;
			buildSettings = {
				ALWAYS_EMBED_SWIFT_STANDARD_LIBRARIES = YES;
				BUNDLE_LOADER = "$(TEST_HOST)";
				CODE_SIGN_STYLE = Automatic;
				CURRENT_PROJECT_VERSION = 1;
				GENERATE_INFOPLIST_FILE = YES;
				IPHONEOS_DEPLOYMENT_TARGET = 16.1;
				MARKETING_VERSION = 1.0;
				PRODUCT_BUNDLE_IDENTIFIER = "shiorina.hanafiri-mobileTests";
				PRODUCT_NAME = "$(TARGET_NAME)";
				SWIFT_EMIT_LOC_STRINGS = NO;
				SWIFT_VERSION = 5.0;
				TARGETED_DEVICE_FAMILY = "1,2";
				TEST_HOST = "$(BUILT_PRODUCTS_DIR)/hanafiri-mobile.app/$(BUNDLE_EXECUTABLE_FOLDER_PATH)/hanafiri-mobile";
			};
			name = Release;
		};
		D43D13E729CF426200416F05 /* Debug */ = {
			isa = XCBuildConfiguration;
			buildSettings = {
				ALWAYS_EMBED_SWIFT_STANDARD_LIBRARIES = YES;
				CODE_SIGN_STYLE = Automatic;
				CURRENT_PROJECT_VERSION = 1;
				GENERATE_INFOPLIST_FILE = YES;
				MARKETING_VERSION = 1.0;
				PRODUCT_BUNDLE_IDENTIFIER = "shiorina.hanafiri-mobileUITests";
				PRODUCT_NAME = "$(TARGET_NAME)";
				SWIFT_EMIT_LOC_STRINGS = NO;
				SWIFT_VERSION = 5.0;
				TARGETED_DEVICE_FAMILY = "1,2";
				TEST_TARGET_NAME = "hanafiri-mobile";
			};
			name = Debug;
		};
		D43D13E829CF426200416F05 /* Release */ = {
			isa = XCBuildConfiguration;
			buildSettings = {
				ALWAYS_EMBED_SWIFT_STANDARD_LIBRARIES = YES;
				CODE_SIGN_STYLE = Automatic;
				CURRENT_PROJECT_VERSION = 1;
				GENERATE_INFOPLIST_FILE = YES;
				MARKETING_VERSION = 1.0;
				PRODUCT_BUNDLE_IDENTIFIER = "shiorina.hanafiri-mobileUITests";
				PRODUCT_NAME = "$(TARGET_NAME)";
				SWIFT_EMIT_LOC_STRINGS = NO;
				SWIFT_VERSION = 5.0;
				TARGETED_DEVICE_FAMILY = "1,2";
				TEST_TARGET_NAME = "hanafiri-mobile";
			};
			name = Release;
		};
/* End XCBuildConfiguration section */

/* Begin XCConfigurationList section */
		D43D13B729CF426100416F05 /* Build configuration list for PBXProject "hanafiri-mobile" */ = {
			isa = XCConfigurationList;
			buildConfigurations = (
				D43D13DE29CF426200416F05 /* Debug */,
				D43D13DF29CF426200416F05 /* Release */,
			);
			defaultConfigurationIsVisible = 0;
			defaultConfigurationName = Release;
		};
		D43D13E029CF426200416F05 /* Build configuration list for PBXNativeTarget "hanafiri-mobile" */ = {
			isa = XCConfigurationList;
			buildConfigurations = (
				D43D13E129CF426200416F05 /* Debug */,
				D43D13E229CF426200416F05 /* Release */,
			);
			defaultConfigurationIsVisible = 0;
			defaultConfigurationName = Release;
		};
		D43D13E329CF426200416F05 /* Build configuration list for PBXNativeTarget "hanafiri-mobileTests" */ = {
			isa = XCConfigurationList;
			buildConfigurations = (
				D43D13E429CF426200416F05 /* Debug */,
				D43D13E529CF426200416F05 /* Release */,
			);
			defaultConfigurationIsVisible = 0;
			defaultConfigurationName = Release;
		};
		D43D13E629CF426200416F05 /* Build configuration list for PBXNativeTarget "hanafiri-mobileUITests" */ = {
			isa = XCConfigurationList;
			buildConfigurations = (
				D43D13E729CF426200416F05 /* Debug */,
				D43D13E829CF426200416F05 /* Release */,
			);
			defaultConfigurationIsVisible = 0;
			defaultConfigurationName = Release;
		};
/* End XCConfigurationList section */
	};
	rootObject = D43D13B429CF426100416F05 /* Project object */;
}
